// !$*UTF8*$!
{
	archiveVersion = 1;
	classes = {
	};
	objectVersion = 46;
	objects = {

/* Begin PBXBuildFile section */
		7536AD4D1B8D8938003A9244 /* main.m in Sources */ = {isa = PBXBuildFile; fileRef = 7536AD4C1B8D8938003A9244 /* main.m */; };
		7536AD501B8D8938003A9244 /* AppDelegate.m in Sources */ = {isa = PBXBuildFile; fileRef = 7536AD4F1B8D8938003A9244 /* AppDelegate.m */; };
		7536AD531B8D8938003A9244 /* ViewController.m in Sources */ = {isa = PBXBuildFile; fileRef = 7536AD521B8D8938003A9244 /* ViewController.m */; };
		7536AD561B8D8938003A9244 /* Main.storyboard in Resources */ = {isa = PBXBuildFile; fileRef = 7536AD541B8D8938003A9244 /* Main.storyboard */; };
		7536AD581B8D8938003A9244 /* Images.xcassets in Resources */ = {isa = PBXBuildFile; fileRef = 7536AD571B8D8938003A9244 /* Images.xcassets */; };
		7536AD5B1B8D8938003A9244 /* LaunchScreen.xib in Resources */ = {isa = PBXBuildFile; fileRef = 7536AD591B8D8938003A9244 /* LaunchScreen.xib */; };
		7536AD671B8D8938003A9244 /* UITreeViewTests.m in Sources */ = {isa = PBXBuildFile; fileRef = 7536AD661B8D8938003A9244 /* UITreeViewTests.m */; };
		7536AD731B8D89CF003A9244 /* UITreeView.m in Sources */ = {isa = PBXBuildFile; fileRef = 7536AD721B8D89CF003A9244 /* UITreeView.m */; };
		7536AD8C1B8D8FE5003A9244 /* TreeNode.m in Sources */ = {isa = PBXBuildFile; fileRef = 7536AD871B8D8FE5003A9244 /* TreeNode.m */; };
		7536AD8D1B8D8FE5003A9244 /* TreeViewCell.m in Sources */ = {isa = PBXBuildFile; fileRef = 7536AD891B8D8FE5003A9244 /* TreeViewCell.m */; };
		7536AD8E1B8D8FE5003A9244 /* UICheckButton.m in Sources */ = {isa = PBXBuildFile; fileRef = 7536AD8B1B8D8FE5003A9244 /* UICheckButton.m */; };
		7536AD911B8D9252003A9244 /* category.plist in Resources */ = {isa = PBXBuildFile; fileRef = 7536AD8F1B8D9252003A9244 /* category.plist */; };
		7536AD971B8D951F003A9244 /* close.png in Resources */ = {isa = PBXBuildFile; fileRef = 7536AD931B8D951F003A9244 /* close.png */; };
		7536AD981B8D951F003A9244 /* open.png in Resources */ = {isa = PBXBuildFile; fileRef = 7536AD941B8D951F003A9244 /* open.png */; };
		7536AD991B8D951F003A9244 /* check_box.png in Resources */ = {isa = PBXBuildFile; fileRef = 7536AD951B8D951F003A9244 /* check_box.png */; };
		7536AD9A1B8D951F003A9244 /* uncheck_box.png in Resources */ = {isa = PBXBuildFile; fileRef = 7536AD961B8D951F003A9244 /* uncheck_box.png */; };
/* End PBXBuildFile section */

/* Begin PBXContainerItemProxy section */
		7536AD611B8D8938003A9244 /* PBXContainerItemProxy */ = {
			isa = PBXContainerItemProxy;
			containerPortal = 7536AD3F1B8D8938003A9244 /* Project object */;
			proxyType = 1;
			remoteGlobalIDString = 7536AD461B8D8938003A9244;
			remoteInfo = UITreeView;
		};
/* End PBXContainerItemProxy section */

/* Begin PBXFileReference section */
		7536AD471B8D8938003A9244 /* UITreeView.app */ = {isa = PBXFileReference; explicitFileType = wrapper.application; includeInIndex = 0; path = UITreeView.app; sourceTree = BUILT_PRODUCTS_DIR; };
		7536AD4B1B8D8938003A9244 /* Info.plist */ = {isa = PBXFileReference; lastKnownFileType = text.plist.xml; path = Info.plist; sourceTree = "<group>"; };
		7536AD4C1B8D8938003A9244 /* main.m */ = {isa = PBXFileReference; lastKnownFileType = sourcecode.c.objc; path = main.m; sourceTree = "<group>"; };
		7536AD4E1B8D8938003A9244 /* AppDelegate.h */ = {isa = PBXFileReference; lastKnownFileType = sourcecode.c.h; path = AppDelegate.h; sourceTree = "<group>"; };
		7536AD4F1B8D8938003A9244 /* AppDelegate.m */ = {isa = PBXFileReference; lastKnownFileType = sourcecode.c.objc; path = AppDelegate.m; sourceTree = "<group>"; };
		7536AD511B8D8938003A9244 /* ViewController.h */ = {isa = PBXFileReference; lastKnownFileType = sourcecode.c.h; path = ViewController.h; sourceTree = "<group>"; };
		7536AD521B8D8938003A9244 /* ViewController.m */ = {isa = PBXFileReference; lastKnownFileType = sourcecode.c.objc; path = ViewController.m; sourceTree = "<group>"; };
		7536AD551B8D8938003A9244 /* Base */ = {isa = PBXFileReference; lastKnownFileType = file.storyboard; name = Base; path = Base.lproj/Main.storyboard; sourceTree = "<group>"; };
		7536AD571B8D8938003A9244 /* Images.xcassets */ = {isa = PBXFileReference; lastKnownFileType = folder.assetcatalog; path = Images.xcassets; sourceTree = "<group>"; };
		7536AD5A1B8D8938003A9244 /* Base */ = {isa = PBXFileReference; lastKnownFileType = file.xib; name = Base; path = Base.lproj/LaunchScreen.xib; sourceTree = "<group>"; };
		7536AD601B8D8938003A9244 /* UITreeViewTests.xctest */ = {isa = PBXFileReference; explicitFileType = wrapper.cfbundle; includeInIndex = 0; path = UITreeViewTests.xctest; sourceTree = BUILT_PRODUCTS_DIR; };
		7536AD651B8D8938003A9244 /* Info.plist */ = {isa = PBXFileReference; lastKnownFileType = text.plist.xml; path = Info.plist; sourceTree = "<group>"; };
		7536AD661B8D8938003A9244 /* UITreeViewTests.m */ = {isa = PBXFileReference; lastKnownFileType = sourcecode.c.objc; path = UITreeViewTests.m; sourceTree = "<group>"; };
		7536AD711B8D89CF003A9244 /* UITreeView.h */ = {isa = PBXFileReference; fileEncoding = 4; lastKnownFileType = sourcecode.c.h; name = UITreeView.h; path = TreeView/UITreeView.h; sourceTree = "<group>"; };
		7536AD721B8D89CF003A9244 /* UITreeView.m */ = {isa = PBXFileReference; fileEncoding = 4; lastKnownFileType = sourcecode.c.objc; name = UITreeView.m; path = TreeView/UITreeView.m; sourceTree = "<group>"; };
		7536AD861B8D8FE5003A9244 /* TreeNode.h */ = {isa = PBXFileReference; fileEncoding = 4; lastKnownFileType = sourcecode.c.h; name = TreeNode.h; path = TreeView/TreeNode.h; sourceTree = "<group>"; };
		7536AD871B8D8FE5003A9244 /* TreeNode.m */ = {isa = PBXFileReference; fileEncoding = 4; lastKnownFileType = sourcecode.c.objc; name = TreeNode.m; path = TreeView/TreeNode.m; sourceTree = "<group>"; };
		7536AD881B8D8FE5003A9244 /* TreeViewCell.h */ = {isa = PBXFileReference; fileEncoding = 4; lastKnownFileType = sourcecode.c.h; name = TreeViewCell.h; path = TreeView/TreeViewCell.h; sourceTree = "<group>"; };
		7536AD891B8D8FE5003A9244 /* TreeViewCell.m */ = {isa = PBXFileReference; fileEncoding = 4; lastKnownFileType = sourcecode.c.objc; name = TreeViewCell.m; path = TreeView/TreeViewCell.m; sourceTree = "<group>"; };
		7536AD8A1B8D8FE5003A9244 /* UICheckButton.h */ = {isa = PBXFileReference; fileEncoding = 4; lastKnownFileType = sourcecode.c.h; name = UICheckButton.h; path = TreeView/UICheckButton.h; sourceTree = "<group>"; };
		7536AD8B1B8D8FE5003A9244 /* UICheckButton.m */ = {isa = PBXFileReference; fileEncoding = 4; lastKnownFileType = sourcecode.c.objc; name = UICheckButton.m; path = TreeView/UICheckButton.m; sourceTree = "<group>"; };
		7536AD8F1B8D9252003A9244 /* category.plist */ = {isa = PBXFileReference; fileEncoding = 4; lastKnownFileType = text.plist.xml; name = category.plist; path = TreeView/category.plist; sourceTree = "<group>"; };
		7536AD931B8D951F003A9244 /* close.png */ = {isa = PBXFileReference; lastKnownFileType = image.png; path = close.png; sourceTree = "<group>"; };
		7536AD941B8D951F003A9244 /* open.png */ = {isa = PBXFileReference; lastKnownFileType = image.png; path = open.png; sourceTree = "<group>"; };
		7536AD951B8D951F003A9244 /* check_box.png */ = {isa = PBXFileReference; lastKnownFileType = image.png; path = check_box.png; sourceTree = "<group>"; };
		7536AD961B8D951F003A9244 /* uncheck_box.png */ = {isa = PBXFileReference; lastKnownFileType = image.png; path = uncheck_box.png; sourceTree = "<group>"; };
/* End PBXFileReference section */

/* Begin PBXFrameworksBuildPhase section */
		7536AD441B8D8938003A9244 /* Frameworks */ = {
			isa = PBXFrameworksBuildPhase;
			buildActionMask = 2147483647;
			files = (
			);
			runOnlyForDeploymentPostprocessing = 0;
		};
		7536AD5D1B8D8938003A9244 /* Frameworks */ = {
			isa = PBXFrameworksBuildPhase;
			buildActionMask = 2147483647;
			files = (
			);
			runOnlyForDeploymentPostprocessing = 0;
		};
/* End PBXFrameworksBuildPhase section */

/* Begin PBXGroup section */
		7536AD3E1B8D8938003A9244 = {
			isa = PBXGroup;
			children = (
				7536AD491B8D8938003A9244 /* UITreeView */,
				7536AD631B8D8938003A9244 /* UITreeViewTests */,
				7536AD481B8D8938003A9244 /* Products */,
			);
			sourceTree = "<group>";
		};
		7536AD481B8D8938003A9244 /* Products */ = {
			isa = PBXGroup;
			children = (
				7536AD471B8D8938003A9244 /* UITreeView.app */,
				7536AD601B8D8938003A9244 /* UITreeViewTests.xctest */,
			);
			name = Products;
			sourceTree = "<group>";
		};
		7536AD491B8D8938003A9244 /* UITreeView */ = {
			isa = PBXGroup;
			children = (
				7536AD701B8D8944003A9244 /* TreeView */,
				7536AD4E1B8D8938003A9244 /* AppDelegate.h */,
				7536AD4F1B8D8938003A9244 /* AppDelegate.m */,
				7536AD511B8D8938003A9244 /* ViewController.h */,
				7536AD521B8D8938003A9244 /* ViewController.m */,
				7536AD541B8D8938003A9244 /* Main.storyboard */,
				7536AD571B8D8938003A9244 /* Images.xcassets */,
				7536AD591B8D8938003A9244 /* LaunchScreen.xib */,
				7536AD4A1B8D8938003A9244 /* Supporting Files */,
			);
			path = UITreeView;
			sourceTree = "<group>";
		};
		7536AD4A1B8D8938003A9244 /* Supporting Files */ = {
			isa = PBXGroup;
			children = (
				7536AD4B1B8D8938003A9244 /* Info.plist */,
				7536AD4C1B8D8938003A9244 /* main.m */,
			);
			name = "Supporting Files";
			sourceTree = "<group>";
		};
		7536AD631B8D8938003A9244 /* UITreeViewTests */ = {
			isa = PBXGroup;
			children = (
				7536AD661B8D8938003A9244 /* UITreeViewTests.m */,
				7536AD641B8D8938003A9244 /* Supporting Files */,
			);
			path = UITreeViewTests;
			sourceTree = "<group>";
		};
		7536AD641B8D8938003A9244 /* Supporting Files */ = {
			isa = PBXGroup;
			children = (
				7536AD651B8D8938003A9244 /* Info.plist */,
			);
			name = "Supporting Files";
			sourceTree = "<group>";
		};
		7536AD701B8D8944003A9244 /* TreeView */ = {
			isa = PBXGroup;
			children = (
				7536AD7D1B8D8EC0003A9244 /* Images */,
				7536AD8F1B8D9252003A9244 /* category.plist */,
				7536AD861B8D8FE5003A9244 /* TreeNode.h */,
				7536AD871B8D8FE5003A9244 /* TreeNode.m */,
				7536AD881B8D8FE5003A9244 /* TreeViewCell.h */,
				7536AD891B8D8FE5003A9244 /* TreeViewCell.m */,
				7536AD8A1B8D8FE5003A9244 /* UICheckButton.h */,
				7536AD8B1B8D8FE5003A9244 /* UICheckButton.m */,
				7536AD711B8D89CF003A9244 /* UITreeView.h */,
				7536AD721B8D89CF003A9244 /* UITreeView.m */,
			);
			name = TreeView;
			sourceTree = "<group>";
		};
		7536AD7D1B8D8EC0003A9244 /* Images */ = {
			isa = PBXGroup;
			children = (
				7536AD931B8D951F003A9244 /* close.png */,
				7536AD941B8D951F003A9244 /* open.png */,
				7536AD951B8D951F003A9244 /* check_box.png */,
				7536AD961B8D951F003A9244 /* uncheck_box.png */,
			);
			name = Images;
			path = TreeView/Images;
			sourceTree = "<group>";
		};
/* End PBXGroup section */

/* Begin PBXNativeTarget section */
		7536AD461B8D8938003A9244 /* UITreeView */ = {
			isa = PBXNativeTarget;
			buildConfigurationList = 7536AD6A1B8D8938003A9244 /* Build configuration list for PBXNativeTarget "UITreeView" */;
			buildPhases = (
				7536AD431B8D8938003A9244 /* Sources */,
				7536AD441B8D8938003A9244 /* Frameworks */,
				7536AD451B8D8938003A9244 /* Resources */,
			);
			buildRules = (
			);
			dependencies = (
			);
			name = UITreeView;
			productName = UITreeView;
			productReference = 7536AD471B8D8938003A9244 /* UITreeView.app */;
			productType = "com.apple.product-type.application";
		};
		7536AD5F1B8D8938003A9244 /* UITreeViewTests */ = {
			isa = PBXNativeTarget;
			buildConfigurationList = 7536AD6D1B8D8938003A9244 /* Build configuration list for PBXNativeTarget "UITreeViewTests" */;
			buildPhases = (
				7536AD5C1B8D8938003A9244 /* Sources */,
				7536AD5D1B8D8938003A9244 /* Frameworks */,
				7536AD5E1B8D8938003A9244 /* Resources */,
			);
			buildRules = (
			);
			dependencies = (
				7536AD621B8D8938003A9244 /* PBXTargetDependency */,
			);
			name = UITreeViewTests;
			productName = UITreeViewTests;
			productReference = 7536AD601B8D8938003A9244 /* UITreeViewTests.xctest */;
			productType = "com.apple.product-type.bundle.unit-test";
		};
/* End PBXNativeTarget section */

/* Begin PBXProject section */
		7536AD3F1B8D8938003A9244 /* Project object */ = {
			isa = PBXProject;
			attributes = {
				LastUpgradeCheck = 0640;
				ORGANIZATIONNAME = EmizenTech;
				TargetAttributes = {
					7536AD461B8D8938003A9244 = {
						CreatedOnToolsVersion = 6.4;
					};
					7536AD5F1B8D8938003A9244 = {
						CreatedOnToolsVersion = 6.4;
						TestTargetID = 7536AD461B8D8938003A9244;
					};
				};
			};
			buildConfigurationList = 7536AD421B8D8938003A9244 /* Build configuration list for PBXProject "UITreeView" */;
			compatibilityVersion = "Xcode 3.2";
			developmentRegion = English;
			hasScannedForEncodings = 0;
			knownRegions = (
				en,
				Base,
			);
			mainGroup = 7536AD3E1B8D8938003A9244;
			productRefGroup = 7536AD481B8D8938003A9244 /* Products */;
			projectDirPath = "";
			projectRoot = "";
			targets = (
				7536AD461B8D8938003A9244 /* UITreeView */,
				7536AD5F1B8D8938003A9244 /* UITreeViewTests */,
			);
		};
/* End PBXProject section */

/* Begin PBXResourcesBuildPhase section */
		7536AD451B8D8938003A9244 /* Resources */ = {
			isa = PBXResourcesBuildPhase;
			buildActionMask = 2147483647;
			files = (
				7536AD991B8D951F003A9244 /* check_box.png in Resources */,
				7536AD561B8D8938003A9244 /* Main.storyboard in Resources */,
				7536AD5B1B8D8938003A9244 /* LaunchScreen.xib in Resources */,
				7536AD9A1B8D951F003A9244 /* uncheck_box.png in Resources */,
				7536AD911B8D9252003A9244 /* category.plist in Resources */,
				7536AD971B8D951F003A9244 /* close.png in Resources */,
				7536AD581B8D8938003A9244 /* Images.xcassets in Resources */,
				7536AD981B8D951F003A9244 /* open.png in Resources */,
			);
			runOnlyForDeploymentPostprocessing = 0;
		};
		7536AD5E1B8D8938003A9244 /* Resources */ = {
			isa = PBXResourcesBuildPhase;
			buildActionMask = 2147483647;
			files = (
			);
			runOnlyForDeploymentPostprocessing = 0;
		};
/* End PBXResourcesBuildPhase section */

/* Begin PBXSourcesBuildPhase section */
		7536AD431B8D8938003A9244 /* Sources */ = {
			isa = PBXSourcesBuildPhase;
			buildActionMask = 2147483647;
			files = (
				7536AD8C1B8D8FE5003A9244 /* TreeNode.m in Sources */,
				7536AD8E1B8D8FE5003A9244 /* UICheckButton.m in Sources */,
				7536AD731B8D89CF003A9244 /* UITreeView.m in Sources */,
				7536AD8D1B8D8FE5003A9244 /* TreeViewCell.m in Sources */,
				7536AD531B8D8938003A9244 /* ViewController.m in Sources */,
				7536AD501B8D8938003A9244 /* AppDelegate.m in Sources */,
				7536AD4D1B8D8938003A9244 /* main.m in Sources */,
			);
			runOnlyForDeploymentPostprocessing = 0;
		};
		7536AD5C1B8D8938003A9244 /* Sources */ = {
			isa = PBXSourcesBuildPhase;
			buildActionMask = 2147483647;
			files = (
				7536AD671B8D8938003A9244 /* UITreeViewTests.m in Sources */,
			);
			runOnlyForDeploymentPostprocessing = 0;
		};
/* End PBXSourcesBuildPhase section */

/* Begin PBXTargetDependency section */
		7536AD621B8D8938003A9244 /* PBXTargetDependency */ = {
			isa = PBXTargetDependency;
			target = 7536AD461B8D8938003A9244 /* UITreeView */;
			targetProxy = 7536AD611B8D8938003A9244 /* PBXContainerItemProxy */;
		};
/* End PBXTargetDependency section */

/* Begin PBXVariantGroup section */
		7536AD541B8D8938003A9244 /* Main.storyboard */ = {
			isa = PBXVariantGroup;
			children = (
				7536AD551B8D8938003A9244 /* Base */,
			);
			name = Main.storyboard;
			sourceTree = "<group>";
		};
		7536AD591B8D8938003A9244 /* LaunchScreen.xib */ = {
			isa = PBXVariantGroup;
			children = (
				7536AD5A1B8D8938003A9244 /* Base */,
			);
			name = LaunchScreen.xib;
			sourceTree = "<group>";
		};
/* End PBXVariantGroup section */

/* Begin XCBuildConfiguration section */
		7536AD681B8D8938003A9244 /* Debug */ = {
			isa = XCBuildConfiguration;
			buildSettings = {
				ALWAYS_SEARCH_USER_PATHS = NO;
				CLANG_CXX_LANGUAGE_STANDARD = "gnu++0x";
				CLANG_CXX_LIBRARY = "libc++";
				CLANG_ENABLE_MODULES = YES;
				CLANG_ENABLE_OBJC_ARC = YES;
				CLANG_WARN_BOOL_CONVERSION = YES;
				CLANG_WARN_CONSTANT_CONVERSION = YES;
				CLANG_WARN_DIRECT_OBJC_ISA_USAGE = YES_ERROR;
				CLANG_WARN_EMPTY_BODY = YES;
				CLANG_WARN_ENUM_CONVERSION = YES;
				CLANG_WARN_INT_CONVERSION = YES;
				CLANG_WARN_OBJC_ROOT_CLASS = YES_ERROR;
				CLANG_WARN_UNREACHABLE_CODE = YES;
				CLANG_WARN__DUPLICATE_METHOD_MATCH = YES;
				"CODE_SIGN_IDENTITY[sdk=iphoneos*]" = "iPhone Developer";
				COPY_PHASE_STRIP = NO;
				DEBUG_INFORMATION_FORMAT = "dwarf-with-dsym";
				ENABLE_STRICT_OBJC_MSGSEND = YES;
				GCC_C_LANGUAGE_STANDARD = gnu99;
				GCC_DYNAMIC_NO_PIC = NO;
				GCC_NO_COMMON_BLOCKS = YES;
				GCC_OPTIMIZATION_LEVEL = 0;
				GCC_PREPROCESSOR_DEFINITIONS = (
					"DEBUG=1",
					"$(inherited)",
				);
				GCC_SYMBOLS_PRIVATE_EXTERN = NO;
				GCC_WARN_64_TO_32_BIT_CONVERSION = YES;
				GCC_WARN_ABOUT_RETURN_TYPE = YES_ERROR;
				GCC_WARN_UNDECLARED_SELECTOR = YES;
				GCC_WARN_UNINITIALIZED_AUTOS = YES_AGGRESSIVE;
				GCC_WARN_UNUSED_FUNCTION = YES;
				GCC_WARN_UNUSED_VARIABLE = YES;
				IPHONEOS_DEPLOYMENT_TARGET = 8.4;
				MTL_ENABLE_DEBUG_INFO = YES;
				ONLY_ACTIVE_ARCH = YES;
				SDKROOT = iphoneos;
			};
			name = Debug;
		};
		7536AD691B8D8938003A9244 /* Release */ = {
			isa = XCBuildConfiguration;
			buildSettings = {
				ALWAYS_SEARCH_USER_PATHS = NO;
				CLANG_CXX_LANGUAGE_STANDARD = "gnu++0x";
				CLANG_CXX_LIBRARY = "libc++";
				CLANG_ENABLE_MODULES = YES;
				CLANG_ENABLE_OBJC_ARC = YES;
				CLANG_WARN_BOOL_CONVERSION = YES;
				CLANG_WARN_CONSTANT_CONVERSION = YES;
				CLANG_WARN_DIRECT_OBJC_ISA_USAGE = YES_ERROR;
				CLANG_WARN_EMPTY_BODY = YES;
				CLANG_WARN_ENUM_CONVERSION = YES;
				CLANG_WARN_INT_CONVERSION = YES;
				CLANG_WARN_OBJC_ROOT_CLASS = YES_ERROR;
				CLANG_WARN_UNREACHABLE_CODE = YES;
				CLANG_WARN__DUPLICATE_METHOD_MATCH = YES;
				"CODE_SIGN_IDENTITY[sdk=iphoneos*]" = "iPhone Developer";
				COPY_PHASE_STRIP = NO;
				DEBUG_INFORMATION_FORMAT = "dwarf-with-dsym";
				ENABLE_NS_ASSERTIONS = NO;
				ENABLE_STRICT_OBJC_MSGSEND = YES;
				GCC_C_LANGUAGE_STANDARD = gnu99;
				GCC_NO_COMMON_BLOCKS = YES;
				GCC_WARN_64_TO_32_BIT_CONVERSION = YES;
				GCC_WARN_ABOUT_RETURN_TYPE = YES_ERROR;
				GCC_WARN_UNDECLARED_SELECTOR = YES;
				GCC_WARN_UNINITIALIZED_AUTOS = YES_AGGRESSIVE;
				GCC_WARN_UNUSED_FUNCTION = YES;
				GCC_WARN_UNUSED_VARIABLE = YES;
				IPHONEOS_DEPLOYMENT_TARGET = 8.4;
				MTL_ENABLE_DEBUG_INFO = NO;
				SDKROOT = iphoneos;
				VALIDATE_PRODUCT = YES;
			};
			name = Release;
		};
		7536AD6B1B8D8938003A9244 /* Debug */ = {
			isa = XCBuildConfiguration;
			buildSettings = {
				ASSETCATALOG_COMPILER_APPICON_NAME = AppIcon;
				INFOPLIST_FILE = UITreeView/Info.plist;
				IPHONEOS_DEPLOYMENT_TARGET = 8.4;
				LD_RUNPATH_SEARCH_PATHS = "$(inherited) @executable_path/Frameworks";
				PRODUCT_NAME = "$(TARGET_NAME)";
			};
			name = Debug;
		};
		7536AD6C1B8D8938003A9244 /* Release */ = {
			isa = XCBuildConfiguration;
			buildSettings = {
				ASSETCATALOG_COMPILER_APPICON_NAME = AppIcon;
				INFOPLIST_FILE = UITreeView/Info.plist;
				IPHONEOS_DEPLOYMENT_TARGET = 8.4;
				LD_RUNPATH_SEARCH_PATHS = "$(inherited) @executable_path/Frameworks";
				PRODUCT_NAME = "$(TARGET_NAME)";
			};
			name = Release;
		};
		7536AD6E1B8D8938003A9244 /* Debug */ = {
			isa = XCBuildConfiguration;
			buildSettings = {
				BUNDLE_LOADER = "$(TEST_HOST)";
				FRAMEWORK_SEARCH_PATHS = (
					"$(SDKROOT)/Developer/Library/Frameworks",
					"$(inherited)",
				);
				GCC_PREPROCESSOR_DEFINITIONS = (
					"DEBUG=1",
					"$(inherited)",
				);
				INFOPLIST_FILE = UITreeViewTests/Info.plist;
				LD_RUNPATH_SEARCH_PATHS = "$(inherited) @executable_path/Frameworks @loader_path/Frameworks";
				PRODUCT_NAME = "$(TARGET_NAME)";
				TEST_HOST = "$(BUILT_PRODUCTS_DIR)/UITreeView.app/UITreeView";
			};
			name = Debug;
		};
		7536AD6F1B8D8938003A9244 /* Release */ = {
			isa = XCBuildConfiguration;
			buildSettings = {
				BUNDLE_LOADER = "$(TEST_HOST)";
				FRAMEWORK_SEARCH_PATHS = (
					"$(SDKROOT)/Developer/Library/Frameworks",
					"$(inherited)",
				);
				INFOPLIST_FILE = UITreeViewTests/Info.plist;
				LD_RUNPATH_SEARCH_PATHS = "$(inherited) @executable_path/Frameworks @loader_path/Frameworks";
				PRODUCT_NAME = "$(TARGET_NAME)";
				TEST_HOST = "$(BUILT_PRODUCTS_DIR)/UITreeView.app/UITreeView";
			};
			name = Release;
		};
/* End XCBuildConfiguration section */

/* Begin XCConfigurationList section */
		7536AD421B8D8938003A9244 /* Build configuration list for PBXProject "UITreeView" */ = {
			isa = XCConfigurationList;
			buildConfigurations = (
				7536AD681B8D8938003A9244 /* Debug */,
				7536AD691B8D8938003A9244 /* Release */,
			);
			defaultConfigurationIsVisible = 0;
			defaultConfigurationName = Release;
		};
		7536AD6A1B8D8938003A9244 /* Build configuration list for PBXNativeTarget "UITreeView" */ = {
			isa = XCConfigurationList;
			buildConfigurations = (
				7536AD6B1B8D8938003A9244 /* Debug */,
				7536AD6C1B8D8938003A9244 /* Release */,
			);
			defaultConfigurationIsVisible = 0;
		};
		7536AD6D1B8D8938003A9244 /* Build configuration list for PBXNativeTarget "UITreeViewTests" */ = {
			isa = XCConfigurationList;
			buildConfigurations = (
				7536AD6E1B8D8938003A9244 /* Debug */,
				7536AD6F1B8D8938003A9244 /* Release */,
			);
			defaultConfigurationIsVisible = 0;
		};
/* End XCConfigurationList section */
	};
	rootObject = 7536AD3F1B8D8938003A9244 /* Project object */;
}
